github.com/GoesToEleven/dog v0.0.0-20230428023317-90bef1c76cb9/go.mod h1:bSJZIYrINAWfFsUPONiX6V8GGsCFquPtn5yE6DFvIkE=
github.com/GoesToEleven/puppy v1.3.0/go.mod h1:WobEgPdFB6u5c9xLvtp3KOhVIdHaYYpH6pZVOcLq0+w=
golang.org/x/exp v0.0.0-20230522175609-2e198f4a06a1/go.mod h1:V1LtkGg67GoY2N1AnLN78QLrzxkLyJw7RJb1gzOOz9w=
golang.org/x/sync v0.2.0/go.mod h1:RxMgew5VJxzue5/jJTE5uejpjVlOe/izrB70Jof72aM=
